
Microsoft Visual Studio Solution File, Format Version 12.00
# Visual Studio 15
VisualStudioVersion = 15.0.28307.168
MinimumVisualStudioVersion = 10.0.40219.1
Project("{FAE04EC0-301F-11D3-BF4B-00C04F79EFBC}") = "ArrayExercise", "ArrayExercise\ArrayExercise.csproj", "{033F9260-F2A2-4DD0-9761-24AD96523360}"
EndProject
Global
	GlobalSection(SolutionConfigurationPlatforms) = preSolution
		Debug|Any CPU = Debug|Any CPU
		Release|Any CPU = Release|Any CPU
	EndGlobalSection
	GlobalSection(ProjectConfigurationPlatforms) = postSolution
		{033F9260-F2A2-4DD0-9761-24AD96523360}.Debug|Any CPU.ActiveCfg = Debug|Any CPU
		{033F9260-F2A2-4DD0-9761-24AD96523360}.Debug|Any CPU.Build.0 = Debug|Any CPU
		{033F9260-F2A2-4DD0-9761-24AD96523360}.Release|Any CPU.ActiveCfg = Release|Any CPU
		{033F9260-F2A2-4DD0-9761-24AD96523360}.Release|Any CPU.Build.0 = Release|Any CPU
	EndGlobalSection
	GlobalSection(SolutionProperties) = preSolution
		HideSolutionNode = FALSE
	EndGlobalSection
	GlobalSection(ExtensibilityGlobals) = postSolution
		SolutionGuid = {AEF963DE-4176-4E40-8BFF-DCB87F41F05B}
	EndGlobalSection
EndGlobal
