
Microsoft Visual Studio Solution File, Format Version 12.00
# Visual Studio 15
VisualStudioVersion = 15.0.28307.168
MinimumVisualStudioVersion = 10.0.40219.1
Project("{FAE04EC0-301F-11D3-BF4B-00C04F79EFBC}") = "WindowsFormsApp", "WindowsFormsApp\WindowsFormsApp.csproj", "{C92D6D82-7867-454B-9C3F-8F19974C2BC8}"
EndProject
Global
	GlobalSection(SolutionConfigurationPlatforms) = preSolution
		Debug|Any CPU = Debug|Any CPU
		Release|Any CPU = Release|Any CPU
	EndGlobalSection
	GlobalSection(ProjectConfigurationPlatforms) = postSolution
		{C92D6D82-7867-454B-9C3F-8F19974C2BC8}.Debug|Any CPU.ActiveCfg = Debug|Any CPU
		{C92D6D82-7867-454B-9C3F-8F19974C2BC8}.Debug|Any CPU.Build.0 = Debug|Any CPU
		{C92D6D82-7867-454B-9C3F-8F19974C2BC8}.Release|Any CPU.ActiveCfg = Release|Any CPU
		{C92D6D82-7867-454B-9C3F-8F19974C2BC8}.Release|Any CPU.Build.0 = Release|Any CPU
	EndGlobalSection
	GlobalSection(SolutionProperties) = preSolution
		HideSolutionNode = FALSE
	EndGlobalSection
	GlobalSection(ExtensibilityGlobals) = postSolution
		SolutionGuid = {E9EFB42B-F38C-4A51-94B9-5A08E98B2357}
	EndGlobalSection
EndGlobal
