
Microsoft Visual Studio Solution File, Format Version 12.00
# Visual Studio 15
VisualStudioVersion = 15.0.28307.168
MinimumVisualStudioVersion = 10.0.40219.1
Project("{FAE04EC0-301F-11D3-BF4B-00C04F79EFBC}") = "List", "List\List.csproj", "{9BA0EBFA-5CBD-442E-81F8-1452942720B6}"
EndProject
Global
	GlobalSection(SolutionConfigurationPlatforms) = preSolution
		Debug|Any CPU = Debug|Any CPU
		Release|Any CPU = Release|Any CPU
	EndGlobalSection
	GlobalSection(ProjectConfigurationPlatforms) = postSolution
		{9BA0EBFA-5CBD-442E-81F8-1452942720B6}.Debug|Any CPU.ActiveCfg = Debug|Any CPU
		{9BA0EBFA-5CBD-442E-81F8-1452942720B6}.Debug|Any CPU.Build.0 = Debug|Any CPU
		{9BA0EBFA-5CBD-442E-81F8-1452942720B6}.Release|Any CPU.ActiveCfg = Release|Any CPU
		{9BA0EBFA-5CBD-442E-81F8-1452942720B6}.Release|Any CPU.Build.0 = Release|Any CPU
	EndGlobalSection
	GlobalSection(SolutionProperties) = preSolution
		HideSolutionNode = FALSE
	EndGlobalSection
	GlobalSection(ExtensibilityGlobals) = postSolution
		SolutionGuid = {EE8FAD6F-5270-40CC-BA99-10A19F113B00}
	EndGlobalSection
EndGlobal
